github.com/armon/go-metrics v0.0.0-20160717043458-3df31a1ada83 h1:WRzocQR0FF7Hlsw5697z1p0NRN6SjEdY+nUftdaY7ZA=
github.com/armon/go-metrics v0.0.0-20160717043458-3df31a1ada83/go.mod h1:Q73ZrmVTwzkszR9V5SSuryQ31EELlFMUz1kKyl939pY=
github.com/boltdb/bolt v1.3.1-0.20160913165339-fff57c100f4d h1:R9J8J+WUMXnZRoPHGLDeTtl8ZKRLvsUXgTtSOph7vK0=
github.com/boltdb/bolt v1.3.1-0.20160913165339-fff57c100f4d/go.mod h1:clJnj/oiGkjum5o1McbSZDSLxVThjynRyGBgiAx27Ps=
github.com/buger/jsonparser v0.0.0-20191204142016-1a29609e0929/go.mod h1:tgcrVJ81GPSF0mz+0nu1Xaz0fazGPrmmJfJtxjbHhUQ=
github.com/garyburd/redigo v1.0.1-0.20160810234951-ffa8d46ada78 h1:6BT1LobPDYX3k8W9D8gIWLmNnZ0lEa/dU+eqBZfa4WU=
github.com/garyburd/redigo v1.0.1-0.20160810234951-ffa8d46ada78/go.mod h1:NR3MbYisc3/PwhQ00EMzDiPmrwpPxAn5GI05/YaO1SY=
github.com/hashicorp/go-msgpack v0.0.0-20150518234257-fa3f63826f7c h1:BTAbnbegUIMB6xmQCwWE8yRzbA4XSpnZY5hvRJC188I=
github.com/hashicorp/go-msgpack v0.0.0-20150518234257-fa3f63826f7c/go.mod h1:ahLV/dePpqEmjfWmKiqvPkv/twdG7iPBM1vqhUKIvfM=
github.com/hashicorp/raft v0.0.0-20160824023112-5f09c4ffdbcd h1:gN6xm3iAclW5DKJWYiXO8tZN25Zy7UsB6Wh/85OB8Bg=
github.com/hashicorp/raft v0.0.0-20160824023112-5f09c4ffdbcd/go.mod h1:DVSAWItjLjTOkVbSpWQ0j0kUADIvDaCtBxIcbNAQLkI=
github.com/robertkrimen/otto v0.0.0-20160919010042-3e7ca9f1929a h1:RyjCBf9+BJD/mekeMfu0RDGgO3zMoDCFQdLoGd/ocyo=
github.com/robertkrimen/otto v0.0.0-20160919010042-3e7ca9f1929a/go.mod h1:xvqspoSXJTIpemEonrMDFq6XzwHYYgToXWj5eRX1OtY=
github.com/tidwall/btree v0.0.0-20160813134542-bde515e16973 h1:wZiALsX2562Z2fltJ322RjTlXnUhGkH6yJ+P0oEgAvo=
github.com/tidwall/btree v0.0.0-20160813134542-bde515e16973/go.mod h1:huei1BkDWJ3/sLXmO+bsCNELL+Bp2Kks9OLyQFkzvA8=
github.com/tidwall/buntdb v0.0.0-20161006183222-68706df6a510 h1:SkxYv25KMFr5H5j4AOQaIiWQRBafSKcdnrCGCuOi1fs=
github.com/tidwall/buntdb v0.0.0-20161006183222-68706df6a510/go.mod h1:Y39xhcDW10WlyYXeLgGftXVbjtM0QP+/kpz8xl9cbzE=
github.com/tidwall/collate v0.0.0-20160903175709-98e9abcb495f h1:A25K51Bm6hOU6EsJDkHjGg4fZJ3z1G7GKrHPvSFxOHw=
github.com/tidwall/collate v0.0.0-20160903175709-98e9abcb495f/go.mod h1:5uQEwajpY/tHJxAcY5/N8aQ9YFzMtRHX7Bmoa1/8YKA=
github.com/tidwall/finn v0.0.0-20161014220806-4111c9b887ba h1:2sUuBnKBYC1Xz4UqQNpUjYoxuqKc3pw4xHx8QS6x/jo=
github.com/tidwall/finn v0.0.0-20161014220806-4111c9b887ba/go.mod h1:p8J9D7X1/zcfFH9iJVCLH41XhG+Hra3HDomUM9GuXQA=
github.com/tidwall/gjson v0.0.0-20161102204525-ac4cd1ab55e6 h1:aKgcM3n5ojgLvtIReLTEzOAng2qoMM7F7iPZz6bCVps=
github.com/tidwall/gjson v0.0.0-20161102204525-ac4cd1ab55e6/go.mod h1:c/nTNbUr0E0OrXEhq1pwa8iEgc2DOt4ZZqAt1HtCkPA=
github.com/tidwall/grect v0.0.0-20161006141115-ba9a043346eb h1:5NSYaAdrnblKByzd7XByQEJVT8+9v0W/tIY0Oo4OwrE=
github.com/tidwall/grect v0.0.0-20161006141115-ba9a043346eb/go.mod h1:lKYYLFIr9OIgdgrtgkZ9zgRxRdvPYsExnYBsEAd8W5M=
github.com/tidwall/less v0.0.0-20160906200858-e74fdbb9808c h1:2CaWfISrJ3mvMDA81iUE3Brt7DND0+LABWT3hLWTwnM=
github.com/tidwall/less v0.0.0-20160906200858-e74fdbb9808c/go.mod h1:aoflGK8/Z6eWLOGHygUF9YopsjYQ7MrW8p9qXT79rh4=
github.com/tidwall/match v0.0.0-20160830173930-173748da739a h1:jkSy//MOkpJzPmsdrxnM+wiF/wdmVCFGegxccsSkm2Q=
github.com/tidwall/match v0.0.0-20160830173930-173748da739a/go.mod h1:LujAq0jyVjBy028G1WhWfIzbpQfMO8bBZ6Tyb0+pL9E=
github.com/tidwall/raft-boltdb v0.0.0-20160909211738-25b87f2c5677 h1:8FkXr+GCV4wb8WAct/V1vKB/Ivy11Y+fm919EHgdfWA=
github.com/tidwall/raft-boltdb v0.0.0-20160909211738-25b87f2c5677/go.mod h1:O7b2tvwZmC+IFu8djLOZj0jc/tjssDPiJ8xIt+U2jTU=
github.com/tidwall/raft-fastlog v0.0.0-20160922202426-2f0d0a0ce558 h1:hQYEIfMzrH6LRzjz7Jp5Rv8jrty1bAR5M0DjOYSxxks=
github.com/tidwall/raft-fastlog v0.0.0-20160922202426-2f0d0a0ce558/go.mod h1:KNwBhka/a5Ucw5bfEzKHTEKuCO2Do1tKs+kDdu3Sbb4=
github.com/tidwall/raft-redcon v0.1.0 h1:qwYaFaAVNFleY2EFm0j7UK4vEpoNa19ohH7U4idbg+s=
github.com/tidwall/raft-redcon v0.1.0/go.mod h1:YhoECfJs8MXbrwak9H7wKYDMZ3rMaB7el7zZ7MRw9Xw=
github.com/tidwall/redcon v0.0.0-20170202162540-6f1afba01744 h1:IAEkYb32nAAtasbT+8K4lb16WdRQJkf9F1ZrahjEkuU=
github.com/tidwall/redcon v0.0.0-20170202162540-6f1afba01744/go.mod h1:bdYBm4rlcWpst2XMwKVzWDF9CoUxEbUmM7CQrKeOZas=
github.com/tidwall/redlog v0.0.0-20160922201049-54086c8553cd h1:bmyucQxx1xVO9SsA1DR0+aG7vKhzjVZyguPJ1Foj1ok=
github.com/tidwall/redlog v0.0.0-20160922201049-54086c8553cd/go.mod h1:NssoNA+Uwqd5WHKkVwAzO7AT6VuG3wiC8r5nBqds3Ao=
github.com/tidwall/rtree v0.0.0-20160903213729-d4a8a3d30d57 h1:k1tEEozQvcJFX6AFAfaF6cCeDvIhocoTrM47VswRfCg=
github.com/tidwall/rtree v0.0.0-20160903213729-d4a8a3d30d57/go.mod h1:/h+UnNGt0IhNNJLkGikcdcJqm66zGD/uJGMRxK/9+Ao=
github.com/tidwall/sjson v0.0.0-20161104130044-ed74e8aec806 h1:A4eLi/MXDYD3ixXdCBKihp5BrSgvjdGOK3iAwSazL0w=
github.com/tidwall/sjson v0.0.0-20161104130044-ed74e8aec806/go.mod h1:bURseu1nuBkFpIES5cz6zBtjmYeOQmEESshn7VpF15Y=
golang.org/x/crypto v0.0.0-20161003200450-a19fa444682e h1:+gM5kNan49JqiBmLuTCWvb89iR7ZyOyQ6jlT17puC3o=
golang.org/x/crypto v0.0.0-20161003200450-a19fa444682e/go.mod h1:6SG95UA2DQfeDnfUPMdvaQW0Q7yPrPDi9nlGo2tz2b4=
golang.org/x/sys v0.0.0-20200124204421-9fbb57f87de9 h1:1/DFK4b7JH8DmkqhUk48onnSfrPzImPoVxuomtbT2nk=
golang.org/x/sys v0.0.0-20200124204421-9fbb57f87de9/go.mod h1:h1NjWce9XRLGQEsW7wpKNCjG9DtNlClVuFLEZdDNbEs=
golang.org/x/text v0.0.0-20160901101418-ceefd2213ed2 h1:eUZxBUC7j2GB18BhEJjA+dmLvJ6DXAyNhKVpsWgUpvE=
golang.org/x/text v0.0.0-20160901101418-ceefd2213ed2/go.mod h1:NqM8EUOU14njkJ3fqMW+pc6Ldnwhi/IjpwHt7yyuwOQ=
gopkg.in/sourcemap.v1 v1.0.3 h1:/cqLW94A7+xWBmK3hp6rv28C+2ervQ4nB52YIkGitvE=
gopkg.in/sourcemap.v1 v1.0.3/go.mod h1:2RlvNNSMglmRrcvhfuzp4hQHwOtjxlbjX7UPY/GXb78=
